
Microsoft Visual Studio Solution File, Format Version 12.00
# Visual Studio Version 17
VisualStudioVersion = 17.11.35303.130
MinimumVisualStudioVersion = 10.0.40219.1
Project("{FAE04EC0-301F-11D3-BF4B-00C04F79EFBC}") = "Lab18", "Lab18\Lab18.csproj", "{64F02089-C0DF-4D86-BDE5-63E4071D05B7}"
EndProject
Global
	GlobalSection(SolutionConfigurationPlatforms) = preSolution
		Debug|Any CPU = Debug|Any CPU
		Release|Any CPU = Release|Any CPU
	EndGlobalSection
	GlobalSection(ProjectConfigurationPlatforms) = postSolution
		{64F02089-C0DF-4D86-BDE5-63E4071D05B7}.Debug|Any CPU.ActiveCfg = Debug|Any CPU
		{64F02089-C0DF-4D86-BDE5-63E4071D05B7}.Debug|Any CPU.Build.0 = Debug|Any CPU
		{64F02089-C0DF-4D86-BDE5-63E4071D05B7}.Release|Any CPU.ActiveCfg = Release|Any CPU
		{64F02089-C0DF-4D86-BDE5-63E4071D05B7}.Release|Any CPU.Build.0 = Release|Any CPU
	EndGlobalSection
	GlobalSection(SolutionProperties) = preSolution
		HideSolutionNode = FALSE
	EndGlobalSection
	GlobalSection(ExtensibilityGlobals) = postSolution
		SolutionGuid = {425EE64F-453F-4433-B1E1-B90ED8F284B2}
	EndGlobalSection
EndGlobal
