
Microsoft Visual Studio Solution File, Format Version 12.00
# Visual Studio Version 17
VisualStudioVersion = 17.11.35303.130
MinimumVisualStudioVersion = 10.0.40219.1
Project("{FAE04EC0-301F-11D3-BF4B-00C04F79EFBC}") = "MyArrayList_Class", "MyArrayList_Class\MyArrayList_Class.csproj", "{D8AB8771-6C48-4B19-87B2-D05971085963}"
EndProject
Global
	GlobalSection(SolutionConfigurationPlatforms) = preSolution
		Debug|Any CPU = Debug|Any CPU
		Release|Any CPU = Release|Any CPU
	EndGlobalSection
	GlobalSection(ProjectConfigurationPlatforms) = postSolution
		{D8AB8771-6C48-4B19-87B2-D05971085963}.Debug|Any CPU.ActiveCfg = Debug|Any CPU
		{D8AB8771-6C48-4B19-87B2-D05971085963}.Debug|Any CPU.Build.0 = Debug|Any CPU
		{D8AB8771-6C48-4B19-87B2-D05971085963}.Release|Any CPU.ActiveCfg = Release|Any CPU
		{D8AB8771-6C48-4B19-87B2-D05971085963}.Release|Any CPU.Build.0 = Release|Any CPU
	EndGlobalSection
	GlobalSection(SolutionProperties) = preSolution
		HideSolutionNode = FALSE
	EndGlobalSection
	GlobalSection(ExtensibilityGlobals) = postSolution
		SolutionGuid = {7819267D-1100-4FA0-A24F-58E8D96E4177}
	EndGlobalSection
EndGlobal
