
Microsoft Visual Studio Solution File, Format Version 12.00
# Visual Studio Version 17
VisualStudioVersion = 17.11.35303.130
MinimumVisualStudioVersion = 10.0.40219.1
Project("{FAE04EC0-301F-11D3-BF4B-00C04F79EFBC}") = "Lab7", "Lab7\Lab7.csproj", "{46C989A5-6867-49AE-BB96-9987F9217743}"
EndProject
Global
	GlobalSection(SolutionConfigurationPlatforms) = preSolution
		Debug|Any CPU = Debug|Any CPU
		Release|Any CPU = Release|Any CPU
	EndGlobalSection
	GlobalSection(ProjectConfigurationPlatforms) = postSolution
		{46C989A5-6867-49AE-BB96-9987F9217743}.Debug|Any CPU.ActiveCfg = Debug|Any CPU
		{46C989A5-6867-49AE-BB96-9987F9217743}.Debug|Any CPU.Build.0 = Debug|Any CPU
		{46C989A5-6867-49AE-BB96-9987F9217743}.Release|Any CPU.ActiveCfg = Release|Any CPU
		{46C989A5-6867-49AE-BB96-9987F9217743}.Release|Any CPU.Build.0 = Release|Any CPU
	EndGlobalSection
	GlobalSection(SolutionProperties) = preSolution
		HideSolutionNode = FALSE
	EndGlobalSection
	GlobalSection(ExtensibilityGlobals) = postSolution
		SolutionGuid = {C14D7D54-5631-430B-91CC-11CA0064BA1F}
	EndGlobalSection
EndGlobal
